
Microsoft Visual Studio Solution File, Format Version 12.00
# Visual Studio Version 16
VisualStudioVersion = 16.0.30413.136
MinimumVisualStudioVersion = 10.0.40219.1
Project("{FAE04EC0-301F-11D3-BF4B-00C04F79EFBC}") = "GeometryFigures", "GeometryFigures\GeometryFigures.csproj", "{9C190B36-376A-4751-A69B-C0080A7B8250}"
EndProject
Global
	GlobalSection(SolutionConfigurationPlatforms) = preSolution
		Debug|Any CPU = Debug|Any CPU
		Release|Any CPU = Release|Any CPU
	EndGlobalSection
	GlobalSection(ProjectConfigurationPlatforms) = postSolution
		{9C190B36-376A-4751-A69B-C0080A7B8250}.Debug|Any CPU.ActiveCfg = Debug|Any CPU
		{9C190B36-376A-4751-A69B-C0080A7B8250}.Debug|Any CPU.Build.0 = Debug|Any CPU
		{9C190B36-376A-4751-A69B-C0080A7B8250}.Release|Any CPU.ActiveCfg = Release|Any CPU
		{9C190B36-376A-4751-A69B-C0080A7B8250}.Release|Any CPU.Build.0 = Release|Any CPU
	EndGlobalSection
	GlobalSection(SolutionProperties) = preSolution
		HideSolutionNode = FALSE
	EndGlobalSection
	GlobalSection(ExtensibilityGlobals) = postSolution
		SolutionGuid = {DC6BBF99-C739-469A-BBB4-1202EC7813BE}
	EndGlobalSection
EndGlobal
